
Microsoft Visual Studio Solution File, Format Version 12.00
# Visual Studio Version 17
VisualStudioVersion = 17.3.32901.215
MinimumVisualStudioVersion = 10.0.40219.1
Project("{FAE04EC0-301F-11D3-BF4B-00C04F79EFBC}") = "dev", "dev\dev.csproj", "{113CF02B-5FE0-452E-A347-7F02B79DCE83}"
EndProject
Project("{E53339B2-1760-4266-BCC7-CA923CBCF16C}") = "docker-compose", "docker-compose.dcproj", "{36A7B5E5-237A-470C-B5F0-E5CCF5452F97}"
EndProject
Global
	GlobalSection(SolutionConfigurationPlatforms) = preSolution
		Debug|Any CPU = Debug|Any CPU
		Release|Any CPU = Release|Any CPU
	EndGlobalSection
	GlobalSection(ProjectConfigurationPlatforms) = postSolution
		{113CF02B-5FE0-452E-A347-7F02B79DCE83}.Debug|Any CPU.ActiveCfg = Debug|Any CPU
		{113CF02B-5FE0-452E-A347-7F02B79DCE83}.Debug|Any CPU.Build.0 = Debug|Any CPU
		{113CF02B-5FE0-452E-A347-7F02B79DCE83}.Release|Any CPU.ActiveCfg = Release|Any CPU
		{113CF02B-5FE0-452E-A347-7F02B79DCE83}.Release|Any CPU.Build.0 = Release|Any CPU
		{36A7B5E5-237A-470C-B5F0-E5CCF5452F97}.Debug|Any CPU.ActiveCfg = Debug|Any CPU
		{36A7B5E5-237A-470C-B5F0-E5CCF5452F97}.Debug|Any CPU.Build.0 = Debug|Any CPU
		{36A7B5E5-237A-470C-B5F0-E5CCF5452F97}.Release|Any CPU.ActiveCfg = Release|Any CPU
		{36A7B5E5-237A-470C-B5F0-E5CCF5452F97}.Release|Any CPU.Build.0 = Release|Any CPU
	EndGlobalSection
	GlobalSection(SolutionProperties) = preSolution
		HideSolutionNode = FALSE
	EndGlobalSection
	GlobalSection(ExtensibilityGlobals) = postSolution
		SolutionGuid = {4B83E4D0-F115-4D4B-9779-A968BC8CCADF}
	EndGlobalSection
EndGlobal
